
Microsoft Visual Studio Solution File, Format Version 12.00
# Visual Studio Version 17
VisualStudioVersion = 17.1.32210.238
MinimumVisualStudioVersion = 10.0.40219.1
Project("{FAE04EC0-301F-11D3-BF4B-00C04F79EFBC}") = "my-books", "my-books\my-books.csproj", "{617CD85B-F5F2-4136-87AC-11FC1112E963}"
EndProject
Global
	GlobalSection(SolutionConfigurationPlatforms) = preSolution
		Debug|Any CPU = Debug|Any CPU
		Release|Any CPU = Release|Any CPU
	EndGlobalSection
	GlobalSection(ProjectConfigurationPlatforms) = postSolution
		{617CD85B-F5F2-4136-87AC-11FC1112E963}.Debug|Any CPU.ActiveCfg = Debug|Any CPU
		{617CD85B-F5F2-4136-87AC-11FC1112E963}.Debug|Any CPU.Build.0 = Debug|Any CPU
		{617CD85B-F5F2-4136-87AC-11FC1112E963}.Release|Any CPU.ActiveCfg = Release|Any CPU
		{617CD85B-F5F2-4136-87AC-11FC1112E963}.Release|Any CPU.Build.0 = Release|Any CPU
	EndGlobalSection
	GlobalSection(SolutionProperties) = preSolution
		HideSolutionNode = FALSE
	EndGlobalSection
	GlobalSection(ExtensibilityGlobals) = postSolution
		SolutionGuid = {B75F217A-ADDC-4348-8446-CBF960ADBDB8}
	EndGlobalSection
EndGlobal
